
Microsoft Visual Studio Solution File, Format Version 12.00
# Visual Studio Version 17
VisualStudioVersion = 17.12.35521.163 d17.12
MinimumVisualStudioVersion = 10.0.40219.1
Project("{FAE04EC0-301F-11D3-BF4B-00C04F79EFBC}") = "DevHabit.Api", "DevHabit.Api\DevHabit.Api.csproj", "{A391CBC0-4A8A-4EB9-9113-EF6555E6257F}"
EndProject
Project("{2150E333-8FDC-42A3-9474-1A3956D46DE8}") = "src", "src", "{DEE566E3-2D42-4280-8358-8D6A7F52C99E}"
EndProject
Project("{2150E333-8FDC-42A3-9474-1A3956D46DE8}") = "Solution Items", "Solution Items", "{EA39CD68-7653-4102-B89D-D16C33D675E0}"
	ProjectSection(SolutionItems) = preProject
		.editorconfig = .editorconfig
		Directory.Packages.props = Directory.Packages.props
		Directory.Build.props = Directory.Build.props
	EndProjectSection
EndProject
Project("{E53339B2-1760-4266-BCC7-CA923CBCF16C}") = "docker-compose", "docker-compose.dcproj", "{5C3959A6-3506-4A83-96F9-C1940D01F60F}"
EndProject
Global
	GlobalSection(SolutionConfigurationPlatforms) = preSolution
		Debug|Any CPU = Debug|Any CPU
		Release|Any CPU = Release|Any CPU
	EndGlobalSection
	GlobalSection(ProjectConfigurationPlatforms) = postSolution
		{A391CBC0-4A8A-4EB9-9113-EF6555E6257F}.Debug|Any CPU.ActiveCfg = Debug|Any CPU
		{A391CBC0-4A8A-4EB9-9113-EF6555E6257F}.Debug|Any CPU.Build.0 = Debug|Any CPU
		{A391CBC0-4A8A-4EB9-9113-EF6555E6257F}.Release|Any CPU.ActiveCfg = Release|Any CPU
		{A391CBC0-4A8A-4EB9-9113-EF6555E6257F}.Release|Any CPU.Build.0 = Release|Any CPU
		{5C3959A6-3506-4A83-96F9-C1940D01F60F}.Debug|Any CPU.ActiveCfg = Debug|Any CPU
		{5C3959A6-3506-4A83-96F9-C1940D01F60F}.Debug|Any CPU.Build.0 = Debug|Any CPU
		{5C3959A6-3506-4A83-96F9-C1940D01F60F}.Release|Any CPU.ActiveCfg = Release|Any CPU
		{5C3959A6-3506-4A83-96F9-C1940D01F60F}.Release|Any CPU.Build.0 = Release|Any CPU
	EndGlobalSection
	GlobalSection(SolutionProperties) = preSolution
		HideSolutionNode = FALSE
	EndGlobalSection
	GlobalSection(NestedProjects) = preSolution
		{A391CBC0-4A8A-4EB9-9113-EF6555E6257F} = {DEE566E3-2D42-4280-8358-8D6A7F52C99E}
	EndGlobalSection
EndGlobal
